{
  "version": 4,
  "terraform_version": "1.1.7",
  "serial": 137,
  "lineage": "98e1d679-4ee9-b208-7798-40b964057f13",
  "outputs": {},
  "resources": [
    {
      "mode": "data",
      "type": "azurerm_public_ip",
      "name": "ip-atividadetfbraz",
      "provider": "provider[\"registry.terraform.io/hashicorp/azurerm\"]",
      "instances": [
        {
          "schema_version": 0,
          "attributes": {
            "allocation_method": "Static",
            "domain_name_label": "",
            "fqdn": "",
            "id": "/subscriptions/c8d026f0-226e-42a8-b9ce-517839250ec2/resourceGroups/atividadeterraform/providers/Microsoft.Network/publicIPAddresses/ip-atividadetfbraz",
            "idle_timeout_in_minutes": 4,
            "ip_address": "20.101.58.219",
            "ip_tags": {},
            "ip_version": "IPv4",
            "location": "westeurope",
            "name": "ip-atividadetfbraz",
            "resource_group_name": "atividadeterraform",
            "reverse_fqdn": "",
            "sku": "Basic",
            "tags": {
              "environment": "Production"
            },
            "timeouts": null,
            "zones": []
          },
          "sensitive_attributes": []
        }
      ]
    },
    {
      "mode": "managed",
      "type": "azurerm_network_interface",
      "name": "nic-atividadetfbraz",
      "provider": "provider[\"registry.terraform.io/hashicorp/azurerm\"]",
      "instances": [
        {
          "schema_version": 0,
          "attributes": {
            "applied_dns_servers": [],
            "dns_servers": [],
            "edge_zone": "",
            "enable_accelerated_networking": false,
            "enable_ip_forwarding": false,
            "id": "/subscriptions/c8d026f0-226e-42a8-b9ce-517839250ec2/resourceGroups/atividadeterraform/providers/Microsoft.Network/networkInterfaces/nic-atividadetfbraz",
            "internal_dns_name_label": "",
            "internal_domain_name_suffix": "tn2w5ifaz5se3hyeo3dwj5mofb.ax.internal.cloudapp.net",
            "ip_configuration": [
              {
                "gateway_load_balancer_frontend_ip_configuration_id": "",
                "name": "ip-atividadetfbraz-nic",
                "primary": true,
                "private_ip_address": "10.0.1.4",
                "private_ip_address_allocation": "Dynamic",
                "private_ip_address_version": "IPv4",
                "public_ip_address_id": "/subscriptions/c8d026f0-226e-42a8-b9ce-517839250ec2/resourceGroups/atividadeterraform/providers/Microsoft.Network/publicIPAddresses/ip-atividadetfbraz",
                "subnet_id": "/subscriptions/c8d026f0-226e-42a8-b9ce-517839250ec2/resourceGroups/atividadeterraform/providers/Microsoft.Network/virtualNetworks/vnet-atividadetfbraz/subnets/sub-atividadetfbraz"
              }
            ],
            "location": "westeurope",
            "mac_address": "",
            "name": "nic-atividadetfbraz",
            "private_ip_address": "10.0.1.4",
            "private_ip_addresses": [
              "10.0.1.4"
            ],
            "resource_group_name": "atividadeterraform",
            "tags": null,
            "timeouts": null,
            "virtual_machine_id": ""
          },
          "sensitive_attributes": [],
          "private": "eyJlMmJmYjczMC1lY2FhLTExZTYtOGY4OC0zNDM2M2JjN2M0YzAiOnsiY3JlYXRlIjoxODAwMDAwMDAwMDAwLCJkZWxldGUiOjE4MDAwMDAwMDAwMDAsInJlYWQiOjMwMDAwMDAwMDAwMCwidXBkYXRlIjoxODAwMDAwMDAwMDAwfX0=",
          "dependencies": [
            "azurerm_public_ip.ip-atividadetfbraz",
            "azurerm_resource_group.rg-atividadetfbraz",
            "azurerm_subnet.sub-atividadetfbraz",
            "azurerm_virtual_network.vnet-atividadetfbraz"
          ]
        }
      ]
    },
    {
      "mode": "managed",
      "type": "azurerm_network_interface_security_group_association",
      "name": "nic-nsg-atividadetfbraz",
      "provider": "provider[\"registry.terraform.io/hashicorp/azurerm\"]",
      "instances": [
        {
          "schema_version": 0,
          "attributes": {
            "id": "/subscriptions/c8d026f0-226e-42a8-b9ce-517839250ec2/resourceGroups/atividadeterraform/providers/Microsoft.Network/networkInterfaces/nic-atividadetfbraz|/subscriptions/c8d026f0-226e-42a8-b9ce-517839250ec2/resourceGroups/atividadeterraform/providers/Microsoft.Network/networkSecurityGroups/nsg-atividadetfbraz",
            "network_interface_id": "/subscriptions/c8d026f0-226e-42a8-b9ce-517839250ec2/resourceGroups/atividadeterraform/providers/Microsoft.Network/networkInterfaces/nic-atividadetfbraz",
            "network_security_group_id": "/subscriptions/c8d026f0-226e-42a8-b9ce-517839250ec2/resourceGroups/atividadeterraform/providers/Microsoft.Network/networkSecurityGroups/nsg-atividadetfbraz",
            "timeouts": null
          },
          "sensitive_attributes": [],
          "private": "eyJlMmJmYjczMC1lY2FhLTExZTYtOGY4OC0zNDM2M2JjN2M0YzAiOnsiY3JlYXRlIjoxODAwMDAwMDAwMDAwLCJkZWxldGUiOjE4MDAwMDAwMDAwMDAsInJlYWQiOjMwMDAwMDAwMDAwMCwidXBkYXRlIjoxODAwMDAwMDAwMDAwfX0=",
          "dependencies": [
            "azurerm_network_interface.nic-atividadetfbraz",
            "azurerm_network_security_group.nsg-atividadetfbraz",
            "azurerm_public_ip.ip-atividadetfbraz",
            "azurerm_resource_group.rg-atividadetfbraz",
            "azurerm_subnet.sub-atividadetfbraz",
            "azurerm_virtual_network.vnet-atividadetfbraz"
          ]
        }
      ]
    },
    {
      "mode": "managed",
      "type": "azurerm_network_security_group",
      "name": "nsg-atividadetfbraz",
      "provider": "provider[\"registry.terraform.io/hashicorp/azurerm\"]",
      "instances": [
        {
          "schema_version": 0,
          "attributes": {
            "id": "/subscriptions/c8d026f0-226e-42a8-b9ce-517839250ec2/resourceGroups/atividadeterraform/providers/Microsoft.Network/networkSecurityGroups/nsg-atividadetfbraz",
            "location": "westeurope",
            "name": "nsg-atividadetfbraz",
            "resource_group_name": "atividadeterraform",
            "security_rule": [
              {
                "access": "Allow",
                "description": "",
                "destination_address_prefix": "*",
                "destination_address_prefixes": [],
                "destination_application_security_group_ids": [],
                "destination_port_range": "22",
                "destination_port_ranges": [],
                "direction": "Inbound",
                "name": "SSH",
                "priority": 1001,
                "protocol": "Tcp",
                "source_address_prefix": "*",
                "source_address_prefixes": [],
                "source_application_security_group_ids": [],
                "source_port_range": "*",
                "source_port_ranges": []
              },
              {
                "access": "Allow",
                "description": "",
                "destination_address_prefix": "*",
                "destination_address_prefixes": [],
                "destination_application_security_group_ids": [],
                "destination_port_range": "80",
                "destination_port_ranges": [],
                "direction": "Inbound",
                "name": "web",
                "priority": 1003,
                "protocol": "Tcp",
                "source_address_prefix": "*",
                "source_address_prefixes": [],
                "source_application_security_group_ids": [],
                "source_port_range": "*",
                "source_port_ranges": []
              }
            ],
            "tags": {
              "environment": "Production"
            },
            "timeouts": null
          },
          "sensitive_attributes": [],
          "private": "eyJlMmJmYjczMC1lY2FhLTExZTYtOGY4OC0zNDM2M2JjN2M0YzAiOnsiY3JlYXRlIjoxODAwMDAwMDAwMDAwLCJkZWxldGUiOjE4MDAwMDAwMDAwMDAsInJlYWQiOjMwMDAwMDAwMDAwMCwidXBkYXRlIjoxODAwMDAwMDAwMDAwfX0=",
          "dependencies": [
            "azurerm_resource_group.rg-atividadetfbraz"
          ]
        }
      ]
    },
    {
      "mode": "managed",
      "type": "azurerm_public_ip",
      "name": "ip-atividadetfbraz",
      "provider": "provider[\"registry.terraform.io/hashicorp/azurerm\"]",
      "instances": [
        {
          "schema_version": 0,
          "attributes": {
            "allocation_method": "Static",
            "domain_name_label": null,
            "edge_zone": "",
            "fqdn": null,
            "id": "/subscriptions/c8d026f0-226e-42a8-b9ce-517839250ec2/resourceGroups/atividadeterraform/providers/Microsoft.Network/publicIPAddresses/ip-atividadetfbraz",
            "idle_timeout_in_minutes": 4,
            "ip_address": "20.101.58.219",
            "ip_tags": null,
            "ip_version": "IPv4",
            "location": "westeurope",
            "name": "ip-atividadetfbraz",
            "public_ip_prefix_id": null,
            "resource_group_name": "atividadeterraform",
            "reverse_fqdn": null,
            "sku": "Basic",
            "sku_tier": "Regional",
            "tags": {
              "environment": "Production"
            },
            "timeouts": null,
            "zones": null
          },
          "sensitive_attributes": [],
          "private": "eyJlMmJmYjczMC1lY2FhLTExZTYtOGY4OC0zNDM2M2JjN2M0YzAiOnsiY3JlYXRlIjoxODAwMDAwMDAwMDAwLCJkZWxldGUiOjE4MDAwMDAwMDAwMDAsInJlYWQiOjMwMDAwMDAwMDAwMCwidXBkYXRlIjoxODAwMDAwMDAwMDAwfX0=",
          "dependencies": [
            "azurerm_resource_group.rg-atividadetfbraz"
          ]
        }
      ]
    },
    {
      "mode": "managed",
      "type": "azurerm_resource_group",
      "name": "rg-atividadetfbraz",
      "provider": "provider[\"registry.terraform.io/hashicorp/azurerm\"]",
      "instances": [
        {
          "schema_version": 0,
          "attributes": {
            "id": "/subscriptions/c8d026f0-226e-42a8-b9ce-517839250ec2/resourceGroups/atividadeterraform",
            "location": "westeurope",
            "name": "atividadeterraform",
            "tags": null,
            "timeouts": null
          },
          "sensitive_attributes": [],
          "private": "eyJlMmJmYjczMC1lY2FhLTExZTYtOGY4OC0zNDM2M2JjN2M0YzAiOnsiY3JlYXRlIjo1NDAwMDAwMDAwMDAwLCJkZWxldGUiOjU0MDAwMDAwMDAwMDAsInJlYWQiOjMwMDAwMDAwMDAwMCwidXBkYXRlIjo1NDAwMDAwMDAwMDAwfX0="
        }
      ]
    },
    {
      "mode": "managed",
      "type": "azurerm_subnet",
      "name": "sub-atividadetfbraz",
      "provider": "provider[\"registry.terraform.io/hashicorp/azurerm\"]",
      "instances": [
        {
          "schema_version": 0,
          "attributes": {
            "address_prefixes": [
              "10.0.1.0/24"
            ],
            "delegation": [],
            "enforce_private_link_endpoint_network_policies": false,
            "enforce_private_link_service_network_policies": false,
            "id": "/subscriptions/c8d026f0-226e-42a8-b9ce-517839250ec2/resourceGroups/atividadeterraform/providers/Microsoft.Network/virtualNetworks/vnet-atividadetfbraz/subnets/sub-atividadetfbraz",
            "name": "sub-atividadetfbraz",
            "resource_group_name": "atividadeterraform",
            "service_endpoint_policy_ids": null,
            "service_endpoints": null,
            "timeouts": null,
            "virtual_network_name": "vnet-atividadetfbraz"
          },
          "sensitive_attributes": [],
          "private": "eyJlMmJmYjczMC1lY2FhLTExZTYtOGY4OC0zNDM2M2JjN2M0YzAiOnsiY3JlYXRlIjoxODAwMDAwMDAwMDAwLCJkZWxldGUiOjE4MDAwMDAwMDAwMDAsInJlYWQiOjMwMDAwMDAwMDAwMCwidXBkYXRlIjoxODAwMDAwMDAwMDAwfX0=",
          "dependencies": [
            "azurerm_resource_group.rg-atividadetfbraz",
            "azurerm_virtual_network.vnet-atividadetfbraz"
          ]
        }
      ]
    },
    {
      "mode": "managed",
      "type": "azurerm_virtual_network",
      "name": "vnet-atividadetfbraz",
      "provider": "provider[\"registry.terraform.io/hashicorp/azurerm\"]",
      "instances": [
        {
          "schema_version": 0,
          "attributes": {
            "address_space": [
              "10.0.0.0/16"
            ],
            "bgp_community": "",
            "ddos_protection_plan": [],
            "dns_servers": [],
            "edge_zone": "",
            "flow_timeout_in_minutes": 0,
            "guid": "a06f799b-cfa0-4ee4-9f04-774764fd8e29",
            "id": "/subscriptions/c8d026f0-226e-42a8-b9ce-517839250ec2/resourceGroups/atividadeterraform/providers/Microsoft.Network/virtualNetworks/vnet-atividadetfbraz",
            "location": "westeurope",
            "name": "vnet-atividadetfbraz",
            "resource_group_name": "atividadeterraform",
            "subnet": [],
            "tags": {
              "environment": "Production",
              "faculdade": "Impacta",
              "membro1": "FelipeBraz",
              "membro2": "ClarindoSal",
              "membro3": "NicolasBassi",
              "membro4": "SergioCastelo",
              "membro5": "SidãoFalcões",
              "turma": "ES23"
            },
            "timeouts": null
          },
          "sensitive_attributes": [],
          "private": "eyJlMmJmYjczMC1lY2FhLTExZTYtOGY4OC0zNDM2M2JjN2M0YzAiOnsiY3JlYXRlIjoxODAwMDAwMDAwMDAwLCJkZWxldGUiOjE4MDAwMDAwMDAwMDAsInJlYWQiOjMwMDAwMDAwMDAwMCwidXBkYXRlIjoxODAwMDAwMDAwMDAwfX0=",
          "dependencies": [
            "azurerm_resource_group.rg-atividadetfbraz"
          ]
        }
      ]
    },
    {
      "mode": "managed",
      "type": "null_resource",
      "name": "install-apache",
      "provider": "provider[\"registry.terraform.io/hashicorp/null\"]",
      "instances": []
    },
    {
      "mode": "managed",
      "type": "null_resource",
      "name": "upload-app",
      "provider": "provider[\"registry.terraform.io/hashicorp/null\"]",
      "instances": []
    }
  ]
}
