{
  "version": 4,
  "terraform_version": "1.1.7",
  "serial": 126,
  "lineage": "98e1d679-4ee9-b208-7798-40b964057f13",
  "outputs": {},
  "resources": [
    {
      "mode": "managed",
      "type": "azurerm_network_interface",
      "name": "nic-atividadeBraz",
      "provider": "provider[\"registry.terraform.io/hashicorp/azurerm\"]",
      "instances": [
        {
          "schema_version": 0,
          "attributes": {
            "applied_dns_servers": [],
            "dns_servers": [],
            "edge_zone": "",
            "enable_accelerated_networking": false,
            "enable_ip_forwarding": false,
            "id": "/subscriptions/c8d026f0-226e-42a8-b9ce-517839250ec2/resourceGroups/Standard_D16ads_v5/providers/Microsoft.Network/networkInterfaces/nic-atividadeBraz",
            "internal_dns_name_label": "",
            "internal_domain_name_suffix": "ir4ufdggyejejbgjxo1f1ukfda.gx.internal.cloudapp.net",
            "ip_configuration": [
              {
                "gateway_load_balancer_frontend_ip_configuration_id": "",
                "name": "ip-atividadebraz-nic",
                "primary": true,
                "private_ip_address": "10.0.1.4",
                "private_ip_address_allocation": "Dynamic",
                "private_ip_address_version": "IPv4",
                "public_ip_address_id": "/subscriptions/c8d026f0-226e-42a8-b9ce-517839250ec2/resourceGroups/Standard_D16ads_v5/providers/Microsoft.Network/publicIPAddresses/ip-braz",
                "subnet_id": "/subscriptions/c8d026f0-226e-42a8-b9ce-517839250ec2/resourceGroups/Standard_D16ads_v5/providers/Microsoft.Network/virtualNetworks/vnet-atividadeBraz/subnets/subnet-braz"
              }
            ],
            "location": "centralus",
            "mac_address": "",
            "name": "nic-atividadeBraz",
            "private_ip_address": "10.0.1.4",
            "private_ip_addresses": [
              "10.0.1.4"
            ],
            "resource_group_name": "Standard_D16ads_v5",
            "tags": null,
            "timeouts": null,
            "virtual_machine_id": ""
          },
          "sensitive_attributes": [],
          "private": "eyJlMmJmYjczMC1lY2FhLTExZTYtOGY4OC0zNDM2M2JjN2M0YzAiOnsiY3JlYXRlIjoxODAwMDAwMDAwMDAwLCJkZWxldGUiOjE4MDAwMDAwMDAwMDAsInJlYWQiOjMwMDAwMDAwMDAwMCwidXBkYXRlIjoxODAwMDAwMDAwMDAwfX0=",
          "dependencies": [
            "azurerm_public_ip.ip-atividadeBraz",
            "azurerm_resource_group.rg-atividadeBraz",
            "azurerm_subnet.sub-atividadeBraz",
            "azurerm_virtual_network.vnet-atividadeBraz"
          ]
        }
      ]
    },
    {
      "mode": "managed",
      "type": "azurerm_network_interface_security_group_association",
      "name": "nic-nsg-atividadeBraz",
      "provider": "provider[\"registry.terraform.io/hashicorp/azurerm\"]",
      "instances": [
        {
          "schema_version": 0,
          "attributes": {
            "id": "/subscriptions/c8d026f0-226e-42a8-b9ce-517839250ec2/resourceGroups/Standard_D16ads_v5/providers/Microsoft.Network/networkInterfaces/nic-atividadeBraz|/subscriptions/c8d026f0-226e-42a8-b9ce-517839250ec2/resourceGroups/Standard_D16ads_v5/providers/Microsoft.Network/networkSecurityGroups/acceptanceTestSecurityGroup1",
            "network_interface_id": "/subscriptions/c8d026f0-226e-42a8-b9ce-517839250ec2/resourceGroups/Standard_D16ads_v5/providers/Microsoft.Network/networkInterfaces/nic-atividadeBraz",
            "network_security_group_id": "/subscriptions/c8d026f0-226e-42a8-b9ce-517839250ec2/resourceGroups/Standard_D16ads_v5/providers/Microsoft.Network/networkSecurityGroups/acceptanceTestSecurityGroup1",
            "timeouts": null
          },
          "sensitive_attributes": [],
          "private": "eyJlMmJmYjczMC1lY2FhLTExZTYtOGY4OC0zNDM2M2JjN2M0YzAiOnsiY3JlYXRlIjoxODAwMDAwMDAwMDAwLCJkZWxldGUiOjE4MDAwMDAwMDAwMDAsInJlYWQiOjMwMDAwMDAwMDAwMCwidXBkYXRlIjoxODAwMDAwMDAwMDAwfX0=",
          "dependencies": [
            "azurerm_network_interface.nic-atividadeBraz",
            "azurerm_network_security_group.nsg-atividadebraz",
            "azurerm_public_ip.ip-atividadeBraz",
            "azurerm_resource_group.rg-atividadeBraz",
            "azurerm_subnet.sub-atividadeBraz",
            "azurerm_virtual_network.vnet-atividadeBraz"
          ]
        }
      ]
    },
    {
      "mode": "managed",
      "type": "azurerm_network_security_group",
      "name": "nsg-atividadebraz",
      "provider": "provider[\"registry.terraform.io/hashicorp/azurerm\"]",
      "instances": [
        {
          "schema_version": 0,
          "attributes": {
            "id": "/subscriptions/c8d026f0-226e-42a8-b9ce-517839250ec2/resourceGroups/Standard_D16ads_v5/providers/Microsoft.Network/networkSecurityGroups/acceptanceTestSecurityGroup1",
            "location": "centralus",
            "name": "acceptanceTestSecurityGroup1",
            "resource_group_name": "Standard_D16ads_v5",
            "security_rule": [
              {
                "access": "Allow",
                "description": "",
                "destination_address_prefix": "*",
                "destination_address_prefixes": [],
                "destination_application_security_group_ids": [],
                "destination_port_range": "22",
                "destination_port_ranges": [],
                "direction": "Inbound",
                "name": "SSH",
                "priority": 1001,
                "protocol": "Tcp",
                "source_address_prefix": "*",
                "source_address_prefixes": [],
                "source_application_security_group_ids": [],
                "source_port_range": "*",
                "source_port_ranges": []
              }
            ],
            "tags": {
              "environment": "Production"
            },
            "timeouts": null
          },
          "sensitive_attributes": [],
          "private": "eyJlMmJmYjczMC1lY2FhLTExZTYtOGY4OC0zNDM2M2JjN2M0YzAiOnsiY3JlYXRlIjoxODAwMDAwMDAwMDAwLCJkZWxldGUiOjE4MDAwMDAwMDAwMDAsInJlYWQiOjMwMDAwMDAwMDAwMCwidXBkYXRlIjoxODAwMDAwMDAwMDAwfX0=",
          "dependencies": [
            "azurerm_resource_group.rg-atividadeBraz"
          ]
        }
      ]
    },
    {
      "mode": "managed",
      "type": "azurerm_public_ip",
      "name": "ip-atividadeBraz",
      "provider": "provider[\"registry.terraform.io/hashicorp/azurerm\"]",
      "instances": [
        {
          "schema_version": 0,
          "attributes": {
            "allocation_method": "Static",
            "domain_name_label": null,
            "edge_zone": "",
            "fqdn": null,
            "id": "/subscriptions/c8d026f0-226e-42a8-b9ce-517839250ec2/resourceGroups/Standard_D16ads_v5/providers/Microsoft.Network/publicIPAddresses/ip-braz",
            "idle_timeout_in_minutes": 4,
            "ip_address": "40.122.70.182",
            "ip_tags": null,
            "ip_version": "IPv4",
            "location": "centralus",
            "name": "ip-braz",
            "public_ip_prefix_id": null,
            "resource_group_name": "Standard_D16ads_v5",
            "reverse_fqdn": null,
            "sku": "Basic",
            "sku_tier": "Regional",
            "tags": {
              "environment": "Production"
            },
            "timeouts": null,
            "zones": null
          },
          "sensitive_attributes": [],
          "private": "eyJlMmJmYjczMC1lY2FhLTExZTYtOGY4OC0zNDM2M2JjN2M0YzAiOnsiY3JlYXRlIjoxODAwMDAwMDAwMDAwLCJkZWxldGUiOjE4MDAwMDAwMDAwMDAsInJlYWQiOjMwMDAwMDAwMDAwMCwidXBkYXRlIjoxODAwMDAwMDAwMDAwfX0=",
          "dependencies": [
            "azurerm_resource_group.rg-atividadeBraz"
          ]
        }
      ]
    },
    {
      "mode": "managed",
      "type": "azurerm_resource_group",
      "name": "rg-atividadeBraz",
      "provider": "provider[\"registry.terraform.io/hashicorp/azurerm\"]",
      "instances": [
        {
          "schema_version": 0,
          "attributes": {
            "id": "/subscriptions/c8d026f0-226e-42a8-b9ce-517839250ec2/resourceGroups/Standard_D16ads_v5",
            "location": "centralus",
            "name": "Standard_D16ads_v5",
            "tags": null,
            "timeouts": null
          },
          "sensitive_attributes": [],
          "private": "eyJlMmJmYjczMC1lY2FhLTExZTYtOGY4OC0zNDM2M2JjN2M0YzAiOnsiY3JlYXRlIjo1NDAwMDAwMDAwMDAwLCJkZWxldGUiOjU0MDAwMDAwMDAwMDAsInJlYWQiOjMwMDAwMDAwMDAwMCwidXBkYXRlIjo1NDAwMDAwMDAwMDAwfX0="
        }
      ]
    },
    {
      "mode": "managed",
      "type": "azurerm_subnet",
      "name": "sub-atividadeBraz",
      "provider": "provider[\"registry.terraform.io/hashicorp/azurerm\"]",
      "instances": [
        {
          "schema_version": 0,
          "attributes": {
            "address_prefixes": [
              "10.0.1.0/24"
            ],
            "delegation": [],
            "enforce_private_link_endpoint_network_policies": false,
            "enforce_private_link_service_network_policies": false,
            "id": "/subscriptions/c8d026f0-226e-42a8-b9ce-517839250ec2/resourceGroups/Standard_D16ads_v5/providers/Microsoft.Network/virtualNetworks/vnet-atividadeBraz/subnets/subnet-braz",
            "name": "subnet-braz",
            "resource_group_name": "Standard_D16ads_v5",
            "service_endpoint_policy_ids": null,
            "service_endpoints": null,
            "timeouts": null,
            "virtual_network_name": "vnet-atividadeBraz"
          },
          "sensitive_attributes": [],
          "private": "eyJlMmJmYjczMC1lY2FhLTExZTYtOGY4OC0zNDM2M2JjN2M0YzAiOnsiY3JlYXRlIjoxODAwMDAwMDAwMDAwLCJkZWxldGUiOjE4MDAwMDAwMDAwMDAsInJlYWQiOjMwMDAwMDAwMDAwMCwidXBkYXRlIjoxODAwMDAwMDAwMDAwfX0=",
          "dependencies": [
            "azurerm_resource_group.rg-atividadeBraz",
            "azurerm_virtual_network.vnet-atividadeBraz"
          ]
        }
      ]
    },
    {
      "mode": "managed",
      "type": "azurerm_virtual_network",
      "name": "vnet-atividadeBraz",
      "provider": "provider[\"registry.terraform.io/hashicorp/azurerm\"]",
      "instances": [
        {
          "schema_version": 0,
          "attributes": {
            "address_space": [
              "10.0.0.0/16"
            ],
            "bgp_community": "",
            "ddos_protection_plan": [],
            "dns_servers": [],
            "edge_zone": "",
            "flow_timeout_in_minutes": 0,
            "guid": "8c427d44-c1c6-4412-84c9-bbb65dd14518",
            "id": "/subscriptions/c8d026f0-226e-42a8-b9ce-517839250ec2/resourceGroups/Standard_D16ads_v5/providers/Microsoft.Network/virtualNetworks/vnet-atividadeBraz",
            "location": "centralus",
            "name": "vnet-atividadeBraz",
            "resource_group_name": "Standard_D16ads_v5",
            "subnet": [],
            "tags": {
              "environment": "Production",
              "faculdade": "Impacta",
              "membro1": "FelipeBraz",
              "membro2": "ClarindoSal",
              "membro3": "NicolasBassi",
              "membro4": "SergioCastelo",
              "membro5": "SidãoFalcões",
              "turma": "ES23"
            },
            "timeouts": null
          },
          "sensitive_attributes": [],
          "private": "eyJlMmJmYjczMC1lY2FhLTExZTYtOGY4OC0zNDM2M2JjN2M0YzAiOnsiY3JlYXRlIjoxODAwMDAwMDAwMDAwLCJkZWxldGUiOjE4MDAwMDAwMDAwMDAsInJlYWQiOjMwMDAwMDAwMDAwMCwidXBkYXRlIjoxODAwMDAwMDAwMDAwfX0=",
          "dependencies": [
            "azurerm_resource_group.rg-atividadeBraz"
          ]
        }
      ]
    }
  ]
}
